
Microsoft Visual Studio Solution File, Format Version 12.00
# Visual Studio Version 17
VisualStudioVersion = 17.4.33403.182
MinimumVisualStudioVersion = 10.0.40219.1
Project("{8BC9CEB8-8B4A-11D0-8D11-00A0C91BC942}") = "Sarcina3.2", "Sarcina3.2\Sarcina3.2.vcxproj", "{57A58EA2-F7B4-42C3-A242-FD82404476CB}"
EndProject
Global
	GlobalSection(SolutionConfigurationPlatforms) = preSolution
		Debug|x86 = Debug|x86
		Release|x86 = Release|x86
	EndGlobalSection
	GlobalSection(ProjectConfigurationPlatforms) = postSolution
		{57A58EA2-F7B4-42C3-A242-FD82404476CB}.Debug|x86.ActiveCfg = Debug|Win32
		{57A58EA2-F7B4-42C3-A242-FD82404476CB}.Debug|x86.Build.0 = Debug|Win32
		{57A58EA2-F7B4-42C3-A242-FD82404476CB}.Release|x86.ActiveCfg = Release|Win32
		{57A58EA2-F7B4-42C3-A242-FD82404476CB}.Release|x86.Build.0 = Release|Win32
	EndGlobalSection
	GlobalSection(SolutionProperties) = preSolution
		HideSolutionNode = FALSE
	EndGlobalSection
	GlobalSection(ExtensibilityGlobals) = postSolution
		SolutionGuid = {D1FB94EC-9C1C-411F-97D2-3F16A8DC54B3}
	EndGlobalSection
EndGlobal
